
Microsoft Visual Studio Solution File, Format Version 12.00
# Visual Studio Version 17
VisualStudioVersion = 17.8.34511.84
MinimumVisualStudioVersion = 10.0.40219.1
Project("{FAE04EC0-301F-11D3-BF4B-00C04F79EFBC}") = "SortArray", "SortArray\SortArray.csproj", "{AE0D252D-4310-489F-9041-A1245018E6DA}"
EndProject
Global
	GlobalSection(SolutionConfigurationPlatforms) = preSolution
		Debug|Any CPU = Debug|Any CPU
		Release|Any CPU = Release|Any CPU
	EndGlobalSection
	GlobalSection(ProjectConfigurationPlatforms) = postSolution
		{AE0D252D-4310-489F-9041-A1245018E6DA}.Debug|Any CPU.ActiveCfg = Debug|Any CPU
		{AE0D252D-4310-489F-9041-A1245018E6DA}.Debug|Any CPU.Build.0 = Debug|Any CPU
		{AE0D252D-4310-489F-9041-A1245018E6DA}.Release|Any CPU.ActiveCfg = Release|Any CPU
		{AE0D252D-4310-489F-9041-A1245018E6DA}.Release|Any CPU.Build.0 = Release|Any CPU
	EndGlobalSection
	GlobalSection(SolutionProperties) = preSolution
		HideSolutionNode = FALSE
	EndGlobalSection
	GlobalSection(ExtensibilityGlobals) = postSolution
		SolutionGuid = {BCE9D4BC-42DF-4D0C-A5DD-7DE4744D601A}
	EndGlobalSection
EndGlobal
